# THIS IS AN AUTOGENERATED FILE. DO NOT EDIT THIS FILE DIRECTLY.
# yarn lockfile v1


"@esbuild/android-arm64@0.16.1":
  version "0.16.1"
  resolved "https://registry.yarnpkg.com/@esbuild/android-arm64/-/android-arm64-0.16.1.tgz#3843eb0ae218a7139d5c6eccfea8d65cef4c54f3"

"@esbuild/android-arm@0.16.1":
  version "0.16.1"
  resolved "https://registry.yarnpkg.com/@esbuild/android-arm/-/android-arm-0.16.1.tgz#5cc3f277b0c853da9d6241f8024da6a7bf6964b9"

"@esbuild/android-x64@0.16.1":
  version "0.16.1"
  resolved "https://registry.yarnpkg.com/@esbuild/android-x64/-/android-x64-0.16.1.tgz#8d8cddad9accf599518207b03ee4a17d23caf250"

"@esbuild/darwin-arm64@0.16.1":
  version "0.16.1"
  resolved "https://registry.yarnpkg.com/@esbuild/darwin-arm64/-/darwin-arm64-0.16.1.tgz#03e64371d018a90c2d25ffb5f743e78d7ee29098"

"@esbuild/darwin-x64@0.16.1":
  version "0.16.1"
  resolved "https://registry.yarnpkg.com/@esbuild/darwin-x64/-/darwin-x64-0.16.1.tgz#9036cf2c6d796cf6040693c77e7343d2cc37fbed"

"@esbuild/freebsd-arm64@0.16.1":
  version "0.16.1"
  resolved "https://registry.yarnpkg.com/@esbuild/freebsd-arm64/-/freebsd-arm64-0.16.1.tgz#bc3e33c46af0eea93ee0c4bbb37dd41bf9548711"

"@esbuild/freebsd-x64@0.16.1":
  version "0.16.1"
  resolved "https://registry.yarnpkg.com/@esbuild/freebsd-x64/-/freebsd-x64-0.16.1.tgz#48fba6c63463409452ebc8544139e091b7797afb"

"@esbuild/linux-arm64@0.16.1":
  version "0.16.1"
  resolved "https://registry.yarnpkg.com/@esbuild/linux-arm64/-/linux-arm64-0.16.1.tgz#b2275692feeb7b6f42d8eb25ddf1c96a0378b586"

"@esbuild/linux-arm@0.16.1":
  version "0.16.1"
  resolved "https://registry.yarnpkg.com/@esbuild/linux-arm/-/linux-arm-0.16.1.tgz#a54ac0c0f69b504134fbe7f173a66432f54331aa"

"@esbuild/linux-ia32@0.16.1":
  version "0.16.1"
  resolved "https://registry.yarnpkg.com/@esbuild/linux-ia32/-/linux-ia32-0.16.1.tgz#e34635e929c17ff4f3cadcec656813574a654ef9"

"@esbuild/linux-loong64@0.16.1":
  version "0.16.1"
  resolved "https://registry.yarnpkg.com/@esbuild/linux-loong64/-/linux-loong64-0.16.1.tgz#b9382c5e3e0640e093a18f42680e87ac0f79094b"

"@esbuild/linux-mips64el@0.16.1":
  version "0.16.1"
  resolved "https://registry.yarnpkg.com/@esbuild/linux-mips64el/-/linux-mips64el-0.16.1.tgz#9b5ecec04f308d7e9951cd11bad607ced1b25ab5"

"@esbuild/linux-ppc64@0.16.1":
  version "0.16.1"
  resolved "https://registry.yarnpkg.com/@esbuild/linux-ppc64/-/linux-ppc64-0.16.1.tgz#8af2ab35166ff56bcabb2094e956d12b261db321"

"@esbuild/linux-riscv64@0.16.1":
  version "0.16.1"
  resolved "https://registry.yarnpkg.com/@esbuild/linux-riscv64/-/linux-riscv64-0.16.1.tgz#a037d507ad99128c75c835db42aa5bf5ed1a5a3e"

"@esbuild/linux-s390x@0.16.1":
  version "0.16.1"
  resolved "https://registry.yarnpkg.com/@esbuild/linux-s390x/-/linux-s390x-0.16.1.tgz#9700a2595de1363c60723810a88c83f6aec24006"

"@esbuild/linux-x64@0.16.1":
  version "0.16.1"
  resolved "https://registry.yarnpkg.com/@esbuild/linux-x64/-/linux-x64-0.16.1.tgz#113cb7634aeed6da9c8edef43df0f0266edaf5d4"

"@esbuild/netbsd-x64@0.16.1":
  version "0.16.1"
  resolved "https://registry.yarnpkg.com/@esbuild/netbsd-x64/-/netbsd-x64-0.16.1.tgz#77ae84d4674d6c315a4b652ccbb27ce8e9484dcd"

"@esbuild/openbsd-x64@0.16.1":
  version "0.16.1"
  resolved "https://registry.yarnpkg.com/@esbuild/openbsd-x64/-/openbsd-x64-0.16.1.tgz#5401d9199efb469ad6f37fdfcaefd16cb2176fd3"

"@esbuild/sunos-x64@0.16.1":
  version "0.16.1"
  resolved "https://registry.yarnpkg.com/@esbuild/sunos-x64/-/sunos-x64-0.16.1.tgz#c8d84eb61f66d3811051b9b5c4b63e9ee126217c"

"@esbuild/win32-arm64@0.16.1":
  version "0.16.1"
  resolved "https://registry.yarnpkg.com/@esbuild/win32-arm64/-/win32-arm64-0.16.1.tgz#4b63fdc90349053deaea6c3159837b85f7d73417"

"@esbuild/win32-ia32@0.16.1":
  version "0.16.1"
  resolved "https://registry.yarnpkg.com/@esbuild/win32-ia32/-/win32-ia32-0.16.1.tgz#1c6c88fb57c426d03bc1fd96461eb0f2e596fc4f"

"@esbuild/win32-x64@0.16.1":
  version "0.16.1"
  resolved "https://registry.yarnpkg.com/@esbuild/win32-x64/-/win32-x64-0.16.1.tgz#ca4024c5fa8bbf32cf586fd1e201d26720becc71"

"@hotwired/stimulus@^3.1.0":
  version "3.1.1"
  resolved "https://registry.npmjs.org/@hotwired/stimulus/-/stimulus-3.1.1.tgz"

"@hotwired/turbo-rails@^7.2.2":
  version "7.2.4"
  resolved "https://registry.npmjs.org/@hotwired/turbo-rails/-/turbo-rails-7.2.4.tgz"
  dependencies:
    "@hotwired/turbo" "^7.2.4"
    "@rails/actioncable" "^7.0"

"@hotwired/turbo@^7.2.4":
  version "7.2.4"
  resolved "https://registry.npmjs.org/@hotwired/turbo/-/turbo-7.2.4.tgz"

"@popperjs/core@^2.11.6":
  version "2.11.6"
  resolved "https://registry.npmjs.org/@popperjs/core/-/core-2.11.6.tgz"

"@rails/actioncable@^7.0":
  version "7.0.4"
  resolved "https://registry.npmjs.org/@rails/actioncable/-/actioncable-7.0.4.tgz"

anymatch@~3.1.2:
  version "3.1.2"
  resolved "https://registry.npmjs.org/anymatch/-/anymatch-3.1.2.tgz"
  dependencies:
    normalize-path "^3.0.0"
    picomatch "^2.0.4"

binary-extensions@^2.0.0:
  version "2.2.0"
  resolved "https://registry.npmjs.org/binary-extensions/-/binary-extensions-2.2.0.tgz"

bootstrap-icons@^1.9.1:
  version "1.9.1"
  resolved "https://registry.npmjs.org/bootstrap-icons/-/bootstrap-icons-1.9.1.tgz"

bootstrap@^5.2.2:
  version "5.2.2"
  resolved "https://registry.npmjs.org/bootstrap/-/bootstrap-5.2.2.tgz"

braces@~3.0.2:
  version "3.0.2"
  resolved "https://registry.npmjs.org/braces/-/braces-3.0.2.tgz"
  dependencies:
    fill-range "^7.0.1"

"chokidar@>=3.0.0 <4.0.0":
  version "3.5.3"
  resolved "https://registry.npmjs.org/chokidar/-/chokidar-3.5.3.tgz"
  dependencies:
    anymatch "~3.1.2"
    braces "~3.0.2"
    glob-parent "~5.1.2"
    is-binary-path "~2.1.0"
    is-glob "~4.0.1"
    normalize-path "~3.0.0"
    readdirp "~3.6.0"
  optionalDependencies:
    fsevents "~2.3.2"

esbuild@^0.16.1:
  version "0.16.1"
  resolved "https://registry.yarnpkg.com/esbuild/-/esbuild-0.16.1.tgz#c3b20a11f612f188a78efed63598b560caf1b365"
  optionalDependencies:
    "@esbuild/android-arm" "0.16.1"
    "@esbuild/android-arm64" "0.16.1"
    "@esbuild/android-x64" "0.16.1"
    "@esbuild/darwin-arm64" "0.16.1"
    "@esbuild/darwin-x64" "0.16.1"
    "@esbuild/freebsd-arm64" "0.16.1"
    "@esbuild/freebsd-x64" "0.16.1"
    "@esbuild/linux-arm" "0.16.1"
    "@esbuild/linux-arm64" "0.16.1"
    "@esbuild/linux-ia32" "0.16.1"
    "@esbuild/linux-loong64" "0.16.1"
    "@esbuild/linux-mips64el" "0.16.1"
    "@esbuild/linux-ppc64" "0.16.1"
    "@esbuild/linux-riscv64" "0.16.1"
    "@esbuild/linux-s390x" "0.16.1"
    "@esbuild/linux-x64" "0.16.1"
    "@esbuild/netbsd-x64" "0.16.1"
    "@esbuild/openbsd-x64" "0.16.1"
    "@esbuild/sunos-x64" "0.16.1"
    "@esbuild/win32-arm64" "0.16.1"
    "@esbuild/win32-ia32" "0.16.1"
    "@esbuild/win32-x64" "0.16.1"

fill-range@^7.0.1:
  version "7.0.1"
  resolved "https://registry.npmjs.org/fill-range/-/fill-range-7.0.1.tgz"
  dependencies:
    to-regex-range "^5.0.1"

fsevents@~2.3.2:
  version "2.3.2"
  resolved "https://registry.yarnpkg.com/fsevents/-/fsevents-2.3.2.tgz#8a526f78b8fdf4623b709e0b975c52c24c02fd1a"

glob-parent@~5.1.2:
  version "5.1.2"
  resolved "https://registry.npmjs.org/glob-parent/-/glob-parent-5.1.2.tgz"
  dependencies:
    is-glob "^4.0.1"

immutable@^4.0.0:
  version "4.1.0"
  resolved "https://registry.npmjs.org/immutable/-/immutable-4.1.0.tgz"

is-binary-path@~2.1.0:
  version "2.1.0"
  resolved "https://registry.npmjs.org/is-binary-path/-/is-binary-path-2.1.0.tgz"
  dependencies:
    binary-extensions "^2.0.0"

is-extglob@^2.1.1:
  version "2.1.1"
  resolved "https://registry.npmjs.org/is-extglob/-/is-extglob-2.1.1.tgz"

is-glob@^4.0.1, is-glob@~4.0.1:
  version "4.0.3"
  resolved "https://registry.npmjs.org/is-glob/-/is-glob-4.0.3.tgz"
  dependencies:
    is-extglob "^2.1.1"

is-number@^7.0.0:
  version "7.0.0"
  resolved "https://registry.npmjs.org/is-number/-/is-number-7.0.0.tgz"

litepicker@^2.0.12:
  version "2.0.12"
  resolved "https://registry.npmjs.org/litepicker/-/litepicker-2.0.12.tgz"

normalize-path@^3.0.0, normalize-path@~3.0.0:
  version "3.0.0"
  resolved "https://registry.npmjs.org/normalize-path/-/normalize-path-3.0.0.tgz"

picomatch@^2.0.4, picomatch@^2.2.1:
  version "2.3.1"
  resolved "https://registry.npmjs.org/picomatch/-/picomatch-2.3.1.tgz"

readdirp@~3.6.0:
  version "3.6.0"
  resolved "https://registry.npmjs.org/readdirp/-/readdirp-3.6.0.tgz"
  dependencies:
    picomatch "^2.2.1"

sass@^1.56.0:
  version "1.56.0"
  resolved "https://registry.yarnpkg.com/sass/-/sass-1.56.0.tgz#134032075a3223c8d49cb5c35e091e5ba1de8e0a"
  dependencies:
    chokidar ">=3.0.0 <4.0.0"
    immutable "^4.0.0"
    source-map-js ">=0.6.2 <2.0.0"

"source-map-js@>=0.6.2 <2.0.0":
  version "1.0.2"
  resolved "https://registry.npmjs.org/source-map-js/-/source-map-js-1.0.2.tgz"

stimulus-character-counter@^4.1.0:
  version "4.1.0"
  resolved "https://registry.npmjs.org/stimulus-character-counter/-/stimulus-character-counter-4.1.0.tgz"

to-regex-range@^5.0.1:
  version "5.0.1"
  resolved "https://registry.npmjs.org/to-regex-range/-/to-regex-range-5.0.1.tgz"
  dependencies:
    is-number "^7.0.0"
